// !$*UTF8*$!
{
	archiveVersion = 1;
	classes = {
	};
	objectVersion = 56;
	objects = {

/* Begin PBXBuildFile section */
		CDF15CF42C674EEA007DE747 /* smart_blinkerApp.swift in Sources */ = {isa = PBXBuildFile; fileRef = CDF15CF32C674EEA007DE747 /* smart_blinkerApp.swift */; };
		CDF15CF62C674EEA007DE747 /* ContentView.swift in Sources */ = {isa = PBXBuildFile; fileRef = CDF15CF52C674EEA007DE747 /* ContentView.swift */; };
		CDF15CF82C674EEB007DE747 /* Assets.xcassets in Resources */ = {isa = PBXBuildFile; fileRef = CDF15CF72C674EEB007DE747 /* Assets.xcassets */; };
		CDF15CFB2C674EEB007DE747 /* Preview Assets.xcassets in Resources */ = {isa = PBXBuildFile; fileRef = CDF15CFA2C674EEB007DE747 /* Preview Assets.xcassets */; };
		CDF15D0E2C6752E8007DE747 /* NetworkResult.swift in Sources */ = {isa = PBXBuildFile; fileRef = CDF15D082C6752E8007DE747 /* NetworkResult.swift */; };
		CDF15D0F2C6752E8007DE747 /* NetworkError.swift in Sources */ = {isa = PBXBuildFile; fileRef = CDF15D092C6752E8007DE747 /* NetworkError.swift */; };
		CDF15D102C6752E8007DE747 /* BaseService.swift in Sources */ = {isa = PBXBuildFile; fileRef = CDF15D0A2C6752E8007DE747 /* BaseService.swift */; };
		CDF15D112C6752E8007DE747 /* BaseRouter.swift in Sources */ = {isa = PBXBuildFile; fileRef = CDF15D0B2C6752E8007DE747 /* BaseRouter.swift */; };
		CDF15D122C6752E8007DE747 /* GeneralResponse.swift in Sources */ = {isa = PBXBuildFile; fileRef = CDF15D0C2C6752E8007DE747 /* GeneralResponse.swift */; };
		CDF15D132C6752E8007DE747 /* NetworkLogger.swift in Sources */ = {isa = PBXBuildFile; fileRef = CDF15D0D2C6752E8007DE747 /* NetworkLogger.swift */; };
		CDF15D152C67534E007DE747 /* Config.swift in Sources */ = {isa = PBXBuildFile; fileRef = CDF15D142C67534E007DE747 /* Config.swift */; };
		CDF15D282C679110007DE747 /* Alamofire in Frameworks */ = {isa = PBXBuildFile; productRef = CDF15D272C679110007DE747 /* Alamofire */; };
/* End PBXBuildFile section */

/* Begin PBXFileReference section */
		CDF15CF02C674EEA007DE747 /* smart_blinker.app */ = {isa = PBXFileReference; explicitFileType = wrapper.application; includeInIndex = 0; path = smart_blinker.app; sourceTree = BUILT_PRODUCTS_DIR; };
		CDF15CF32C674EEA007DE747 /* smart_blinkerApp.swift */ = {isa = PBXFileReference; lastKnownFileType = sourcecode.swift; path = smart_blinkerApp.swift; sourceTree = "<group>"; };
		CDF15CF52C674EEA007DE747 /* ContentView.swift */ = {isa = PBXFileReference; lastKnownFileType = sourcecode.swift; path = ContentView.swift; sourceTree = "<group>"; };
		CDF15CF72C674EEB007DE747 /* Assets.xcassets */ = {isa = PBXFileReference; lastKnownFileType = folder.assetcatalog; path = Assets.xcassets; sourceTree = "<group>"; };
		CDF15CFA2C674EEB007DE747 /* Preview Assets.xcassets */ = {isa = PBXFileReference; lastKnownFileType = folder.assetcatalog; path = "Preview Assets.xcassets"; sourceTree = "<group>"; };
		CDF15D082C6752E8007DE747 /* NetworkResult.swift */ = {isa = PBXFileReference; fileEncoding = 4; lastKnownFileType = sourcecode.swift; path = NetworkResult.swift; sourceTree = "<group>"; };
		CDF15D092C6752E8007DE747 /* NetworkError.swift */ = {isa = PBXFileReference; fileEncoding = 4; lastKnownFileType = sourcecode.swift; path = NetworkError.swift; sourceTree = "<group>"; };
		CDF15D0A2C6752E8007DE747 /* BaseService.swift */ = {isa = PBXFileReference; fileEncoding = 4; lastKnownFileType = sourcecode.swift; path = BaseService.swift; sourceTree = "<group>"; };
		CDF15D0B2C6752E8007DE747 /* BaseRouter.swift */ = {isa = PBXFileReference; fileEncoding = 4; lastKnownFileType = sourcecode.swift; path = BaseRouter.swift; sourceTree = "<group>"; };
		CDF15D0C2C6752E8007DE747 /* GeneralResponse.swift */ = {isa = PBXFileReference; fileEncoding = 4; lastKnownFileType = sourcecode.swift; path = GeneralResponse.swift; sourceTree = "<group>"; };
		CDF15D0D2C6752E8007DE747 /* NetworkLogger.swift */ = {isa = PBXFileReference; fileEncoding = 4; lastKnownFileType = sourcecode.swift; path = NetworkLogger.swift; sourceTree = "<group>"; };
		CDF15D142C67534E007DE747 /* Config.swift */ = {isa = PBXFileReference; lastKnownFileType = sourcecode.swift; path = Config.swift; sourceTree = "<group>"; };
/* End PBXFileReference section */

/* Begin PBXFrameworksBuildPhase section */
		CDF15CED2C674EEA007DE747 /* Frameworks */ = {
			isa = PBXFrameworksBuildPhase;
			buildActionMask = 2147483647;
			files = (
				CDF15D282C679110007DE747 /* Alamofire in Frameworks */,
			);
			runOnlyForDeploymentPostprocessing = 0;
		};
/* End PBXFrameworksBuildPhase section */

/* Begin PBXGroup section */
		CDF15CE72C674EEA007DE747 = {
			isa = PBXGroup;
			children = (
				CDF15D142C67534E007DE747 /* Config.swift */,
				CDF15CF22C674EEA007DE747 /* smart_blinker */,
				CDF15CF12C674EEA007DE747 /* Products */,
			);
			sourceTree = "<group>";
		};
		CDF15CF12C674EEA007DE747 /* Products */ = {
			isa = PBXGroup;
			children = (
				CDF15CF02C674EEA007DE747 /* smart_blinker.app */,
			);
			name = Products;
			sourceTree = "<group>";
		};
		CDF15CF22C674EEA007DE747 /* smart_blinker */ = {
			isa = PBXGroup;
			children = (
				CDF15D1F2C6755E6007DE747 /* Util */,
				CDF15D1D2C6755CF007DE747 /* Injected */,
				CDF15D182C675591007DE747 /* Domain */,
				CDF15D162C67556D007DE747 /* Presentation */,
				CDF15D172C675589007DE747 /* Data */,
				CDF15D062C675266007DE747 /* Network */,
				CDF15CF92C674EEB007DE747 /* Preview Content */,
			);
			path = smart_blinker;
			sourceTree = "<group>";
		};
		CDF15CF92C674EEB007DE747 /* Preview Content */ = {
			isa = PBXGroup;
			children = (
				CDF15CFA2C674EEB007DE747 /* Preview Assets.xcassets */,
			);
			path = "Preview Content";
			sourceTree = "<group>";
		};
		CDF15D062C675266007DE747 /* Network */ = {
			isa = PBXGroup;
			children = (
				CDF15D212C67562D007DE747 /* Service */,
				CDF15D202C675629007DE747 /* Router */,
				CDF15D072C675287007DE747 /* Base */,
			);
			path = Network;
			sourceTree = "<group>";
		};
		CDF15D072C675287007DE747 /* Base */ = {
			isa = PBXGroup;
			children = (
				CDF15D0B2C6752E8007DE747 /* BaseRouter.swift */,
				CDF15D0A2C6752E8007DE747 /* BaseService.swift */,
				CDF15D0C2C6752E8007DE747 /* GeneralResponse.swift */,
				CDF15D092C6752E8007DE747 /* NetworkError.swift */,
				CDF15D0D2C6752E8007DE747 /* NetworkLogger.swift */,
				CDF15D082C6752E8007DE747 /* NetworkResult.swift */,
			);
			path = Base;
			sourceTree = "<group>";
		};
		CDF15D162C67556D007DE747 /* Presentation */ = {
			isa = PBXGroup;
			children = (
				CDF15CF32C674EEA007DE747 /* smart_blinkerApp.swift */,
				CDF15CF52C674EEA007DE747 /* ContentView.swift */,
			);
			path = Presentation;
			sourceTree = "<group>";
		};
		CDF15D172C675589007DE747 /* Data */ = {
			isa = PBXGroup;
			children = (
				CDF15D1A2C6755A6007DE747 /* Repositories */,
				CDF15D192C67559F007DE747 /* Model */,
			);
			path = Data;
			sourceTree = "<group>";
		};
		CDF15D182C675591007DE747 /* Domain */ = {
			isa = PBXGroup;
			children = (
				CDF15D1C2C6755C3007DE747 /* UseCases */,
				CDF15D1B2C6755BD007DE747 /* Interfaces */,
			);
			path = Domain;
			sourceTree = "<group>";
		};
		CDF15D192C67559F007DE747 /* Model */ = {
			isa = PBXGroup;
			children = (
			);
			path = Model;
			sourceTree = "<group>";
		};
		CDF15D1A2C6755A6007DE747 /* Repositories */ = {
			isa = PBXGroup;
			children = (
			);
			path = Repositories;
			sourceTree = "<group>";
		};
		CDF15D1B2C6755BD007DE747 /* Interfaces */ = {
			isa = PBXGroup;
			children = (
			);
			path = Interfaces;
			sourceTree = "<group>";
		};
		CDF15D1C2C6755C3007DE747 /* UseCases */ = {
			isa = PBXGroup;
			children = (
			);
			path = UseCases;
			sourceTree = "<group>";
		};
		CDF15D1D2C6755CF007DE747 /* Injected */ = {
			isa = PBXGroup;
			children = (
			);
			path = Injected;
			sourceTree = "<group>";
		};
		CDF15D1E2C6755D5007DE747 /* Resources */ = {
			isa = PBXGroup;
			children = (
				CDF15CF72C674EEB007DE747 /* Assets.xcassets */,
			);
			path = Resources;
			sourceTree = "<group>";
		};
		CDF15D1F2C6755E6007DE747 /* Util */ = {
			isa = PBXGroup;
			children = (
				CDF15D222C675644007DE747 /* Extension */,
				CDF15D1E2C6755D5007DE747 /* Resources */,
			);
			path = Util;
			sourceTree = "<group>";
		};
		CDF15D202C675629007DE747 /* Router */ = {
			isa = PBXGroup;
			children = (
			);
			path = Router;
			sourceTree = "<group>";
		};
		CDF15D212C67562D007DE747 /* Service */ = {
			isa = PBXGroup;
			children = (
			);
			path = Service;
			sourceTree = "<group>";
		};
		CDF15D222C675644007DE747 /* Extension */ = {
			isa = PBXGroup;
			children = (
			);
			path = Extension;
			sourceTree = "<group>";
		};
/* End PBXGroup section */

/* Begin PBXNativeTarget section */
		CDF15CEF2C674EEA007DE747 /* smart_blinker */ = {
			isa = PBXNativeTarget;
			buildConfigurationList = CDF15CFE2C674EEB007DE747 /* Build configuration list for PBXNativeTarget "smart_blinker" */;
			buildPhases = (
				CDF15CEC2C674EEA007DE747 /* Sources */,
				CDF15CED2C674EEA007DE747 /* Frameworks */,
				CDF15CEE2C674EEA007DE747 /* Resources */,
			);
			buildRules = (
			);
			dependencies = (
			);
			name = smart_blinker;
			packageProductDependencies = (
				CDF15D272C679110007DE747 /* Alamofire */,
			);
			productName = smart_blinker;
			productReference = CDF15CF02C674EEA007DE747 /* smart_blinker.app */;
			productType = "com.apple.product-type.application";
		};
/* End PBXNativeTarget section */

/* Begin PBXProject section */
		CDF15CE82C674EEA007DE747 /* Project object */ = {
			isa = PBXProject;
			attributes = {
				BuildIndependentTargetsInParallel = 1;
				LastSwiftUpdateCheck = 1540;
				LastUpgradeCheck = 1540;
				TargetAttributes = {
					CDF15CEF2C674EEA007DE747 = {
						CreatedOnToolsVersion = 15.4;
					};
				};
			};
			buildConfigurationList = CDF15CEB2C674EEA007DE747 /* Build configuration list for PBXProject "smart_blinker" */;
			compatibilityVersion = "Xcode 14.0";
			developmentRegion = en;
			hasScannedForEncodings = 0;
			knownRegions = (
				en,
				Base,
			);
			mainGroup = CDF15CE72C674EEA007DE747;
			packageReferences = (
				CDF15D262C679110007DE747 /* XCRemoteSwiftPackageReference "Alamofire" */,
			);
			productRefGroup = CDF15CF12C674EEA007DE747 /* Products */;
			projectDirPath = "";
			projectRoot = "";
			targets = (
				CDF15CEF2C674EEA007DE747 /* smart_blinker */,
			);
		};
/* End PBXProject section */

/* Begin PBXResourcesBuildPhase section */
		CDF15CEE2C674EEA007DE747 /* Resources */ = {
			isa = PBXResourcesBuildPhase;
			buildActionMask = 2147483647;
			files = (
				CDF15CFB2C674EEB007DE747 /* Preview Assets.xcassets in Resources */,
				CDF15CF82C674EEB007DE747 /* Assets.xcassets in Resources */,
			);
			runOnlyForDeploymentPostprocessing = 0;
		};
/* End PBXResourcesBuildPhase section */

/* Begin PBXSourcesBuildPhase section */
		CDF15CEC2C674EEA007DE747 /* Sources */ = {
			isa = PBXSourcesBuildPhase;
			buildActionMask = 2147483647;
			files = (
				CDF15D132C6752E8007DE747 /* NetworkLogger.swift in Sources */,
				CDF15D0E2C6752E8007DE747 /* NetworkResult.swift in Sources */,
				CDF15D152C67534E007DE747 /* Config.swift in Sources */,
				CDF15D122C6752E8007DE747 /* GeneralResponse.swift in Sources */,
				CDF15D112C6752E8007DE747 /* BaseRouter.swift in Sources */,
				CDF15D0F2C6752E8007DE747 /* NetworkError.swift in Sources */,
				CDF15CF62C674EEA007DE747 /* ContentView.swift in Sources */,
				CDF15D102C6752E8007DE747 /* BaseService.swift in Sources */,
				CDF15CF42C674EEA007DE747 /* smart_blinkerApp.swift in Sources */,
			);
			runOnlyForDeploymentPostprocessing = 0;
		};
/* End PBXSourcesBuildPhase section */

/* Begin XCBuildConfiguration section */
		CDF15CFC2C674EEB007DE747 /* Debug */ = {
			isa = XCBuildConfiguration;
			buildSettings = {
				ALWAYS_SEARCH_USER_PATHS = NO;
				ASSETCATALOG_COMPILER_GENERATE_SWIFT_ASSET_SYMBOL_EXTENSIONS = YES;
				CLANG_ANALYZER_NONNULL = YES;
				CLANG_ANALYZER_NUMBER_OBJECT_CONVERSION = YES_AGGRESSIVE;
				CLANG_CXX_LANGUAGE_STANDARD = "gnu++20";
				CLANG_ENABLE_MODULES = YES;
				CLANG_ENABLE_OBJC_ARC = YES;
				CLANG_ENABLE_OBJC_WEAK = YES;
				CLANG_WARN_BLOCK_CAPTURE_AUTORELEASING = YES;
				CLANG_WARN_BOOL_CONVERSION = YES;
				CLANG_WARN_COMMA = YES;
				CLANG_WARN_CONSTANT_CONVERSION = YES;
				CLANG_WARN_DEPRECATED_OBJC_IMPLEMENTATIONS = YES;
				CLANG_WARN_DIRECT_OBJC_ISA_USAGE = YES_ERROR;
				CLANG_WARN_DOCUMENTATION_COMMENTS = YES;
				CLANG_WARN_EMPTY_BODY = YES;
				CLANG_WARN_ENUM_CONVERSION = YES;
				CLANG_WARN_INFINITE_RECURSION = YES;
				CLANG_WARN_INT_CONVERSION = YES;
				CLANG_WARN_NON_LITERAL_NULL_CONVERSION = YES;
				CLANG_WARN_OBJC_IMPLICIT_RETAIN_SELF = YES;
				CLANG_WARN_OBJC_LITERAL_CONVERSION = YES;
				CLANG_WARN_OBJC_ROOT_CLASS = YES_ERROR;
				CLANG_WARN_QUOTED_INCLUDE_IN_FRAMEWORK_HEADER = YES;
				CLANG_WARN_RANGE_LOOP_ANALYSIS = YES;
				CLANG_WARN_STRICT_PROTOTYPES = YES;
				CLANG_WARN_SUSPICIOUS_MOVE = YES;
				CLANG_WARN_UNGUARDED_AVAILABILITY = YES_AGGRESSIVE;
				CLANG_WARN_UNREACHABLE_CODE = YES;
				CLANG_WARN__DUPLICATE_METHOD_MATCH = YES;
				COPY_PHASE_STRIP = NO;
				DEBUG_INFORMATION_FORMAT = dwarf;
				ENABLE_STRICT_OBJC_MSGSEND = YES;
				ENABLE_TESTABILITY = YES;
				ENABLE_USER_SCRIPT_SANDBOXING = YES;
				GCC_C_LANGUAGE_STANDARD = gnu17;
				GCC_DYNAMIC_NO_PIC = NO;
				GCC_NO_COMMON_BLOCKS = YES;
				GCC_OPTIMIZATION_LEVEL = 0;
				GCC_PREPROCESSOR_DEFINITIONS = (
					"DEBUG=1",
					"$(inherited)",
				);
				GCC_WARN_64_TO_32_BIT_CONVERSION = YES;
				GCC_WARN_ABOUT_RETURN_TYPE = YES_ERROR;
				GCC_WARN_UNDECLARED_SELECTOR = YES;
				GCC_WARN_UNINITIALIZED_AUTOS = YES_AGGRESSIVE;
				GCC_WARN_UNUSED_FUNCTION = YES;
				GCC_WARN_UNUSED_VARIABLE = YES;
				IPHONEOS_DEPLOYMENT_TARGET = 16.0;
				LOCALIZATION_PREFERS_STRING_CATALOGS = YES;
				MTL_ENABLE_DEBUG_INFO = INCLUDE_SOURCE;
				MTL_FAST_MATH = YES;
				ONLY_ACTIVE_ARCH = YES;
				SDKROOT = iphoneos;
				SWIFT_ACTIVE_COMPILATION_CONDITIONS = "DEBUG $(inherited)";
				SWIFT_OPTIMIZATION_LEVEL = "-Onone";
			};
			name = Debug;
		};
		CDF15CFD2C674EEB007DE747 /* Release */ = {
			isa = XCBuildConfiguration;
			buildSettings = {
				ALWAYS_SEARCH_USER_PATHS = NO;
				ASSETCATALOG_COMPILER_GENERATE_SWIFT_ASSET_SYMBOL_EXTENSIONS = YES;
				CLANG_ANALYZER_NONNULL = YES;
				CLANG_ANALYZER_NUMBER_OBJECT_CONVERSION = YES_AGGRESSIVE;
				CLANG_CXX_LANGUAGE_STANDARD = "gnu++20";
				CLANG_ENABLE_MODULES = YES;
				CLANG_ENABLE_OBJC_ARC = YES;
				CLANG_ENABLE_OBJC_WEAK = YES;
				CLANG_WARN_BLOCK_CAPTURE_AUTORELEASING = YES;
				CLANG_WARN_BOOL_CONVERSION = YES;
				CLANG_WARN_COMMA = YES;
				CLANG_WARN_CONSTANT_CONVERSION = YES;
				CLANG_WARN_DEPRECATED_OBJC_IMPLEMENTATIONS = YES;
				CLANG_WARN_DIRECT_OBJC_ISA_USAGE = YES_ERROR;
				CLANG_WARN_DOCUMENTATION_COMMENTS = YES;
				CLANG_WARN_EMPTY_BODY = YES;
				CLANG_WARN_ENUM_CONVERSION = YES;
				CLANG_WARN_INFINITE_RECURSION = YES;
				CLANG_WARN_INT_CONVERSION = YES;
				CLANG_WARN_NON_LITERAL_NULL_CONVERSION = YES;
				CLANG_WARN_OBJC_IMPLICIT_RETAIN_SELF = YES;
				CLANG_WARN_OBJC_LITERAL_CONVERSION = YES;
				CLANG_WARN_OBJC_ROOT_CLASS = YES_ERROR;
				CLANG_WARN_QUOTED_INCLUDE_IN_FRAMEWORK_HEADER = YES;
				CLANG_WARN_RANGE_LOOP_ANALYSIS = YES;
				CLANG_WARN_STRICT_PROTOTYPES = YES;
				CLANG_WARN_SUSPICIOUS_MOVE = YES;
				CLANG_WARN_UNGUARDED_AVAILABILITY = YES_AGGRESSIVE;
				CLANG_WARN_UNREACHABLE_CODE = YES;
				CLANG_WARN__DUPLICATE_METHOD_MATCH = YES;
				COPY_PHASE_STRIP = NO;
				DEBUG_INFORMATION_FORMAT = "dwarf-with-dsym";
				ENABLE_NS_ASSERTIONS = NO;
				ENABLE_STRICT_OBJC_MSGSEND = YES;
				ENABLE_USER_SCRIPT_SANDBOXING = YES;
				GCC_C_LANGUAGE_STANDARD = gnu17;
				GCC_NO_COMMON_BLOCKS = YES;
				GCC_WARN_64_TO_32_BIT_CONVERSION = YES;
				GCC_WARN_ABOUT_RETURN_TYPE = YES_ERROR;
				GCC_WARN_UNDECLARED_SELECTOR = YES;
				GCC_WARN_UNINITIALIZED_AUTOS = YES_AGGRESSIVE;
				GCC_WARN_UNUSED_FUNCTION = YES;
				GCC_WARN_UNUSED_VARIABLE = YES;
				IPHONEOS_DEPLOYMENT_TARGET = 16.0;
				LOCALIZATION_PREFERS_STRING_CATALOGS = YES;
				MTL_ENABLE_DEBUG_INFO = NO;
				MTL_FAST_MATH = YES;
				SDKROOT = iphoneos;
				SWIFT_COMPILATION_MODE = wholemodule;
				VALIDATE_PRODUCT = YES;
			};
			name = Release;
		};
		CDF15CFF2C674EEB007DE747 /* Debug */ = {
			isa = XCBuildConfiguration;
			buildSettings = {
				ASSETCATALOG_COMPILER_APPICON_NAME = AppIcon;
				ASSETCATALOG_COMPILER_GLOBAL_ACCENT_COLOR_NAME = AccentColor;
				CODE_SIGN_STYLE = Automatic;
				CURRENT_PROJECT_VERSION = 1;
				DEVELOPMENT_ASSET_PATHS = "\"smart_blinker/Preview Content\"";
				DEVELOPMENT_TEAM = N8RU5UJH68;
				ENABLE_PREVIEWS = YES;
				GENERATE_INFOPLIST_FILE = YES;
				INFOPLIST_KEY_UIApplicationSceneManifest_Generation = YES;
				INFOPLIST_KEY_UIApplicationSupportsIndirectInputEvents = YES;
				INFOPLIST_KEY_UILaunchScreen_Generation = YES;
				INFOPLIST_KEY_UISupportedInterfaceOrientations_iPad = "UIInterfaceOrientationPortraitUpsideDown UIInterfaceOrientationLandscapeLeft UIInterfaceOrientationLandscapeRight";
				INFOPLIST_KEY_UISupportedInterfaceOrientations_iPhone = "UIInterfaceOrientationPortrait UIInterfaceOrientationLandscapeLeft UIInterfaceOrientationLandscapeRight";
				IPHONEOS_DEPLOYMENT_TARGET = 16.0;
				LD_RUNPATH_SEARCH_PATHS = (
					"$(inherited)",
					"@executable_path/Frameworks",
				);
				MARKETING_VERSION = 1.0;
				PRODUCT_BUNDLE_IDENTIFIER = "com.dohyeon.smart-blinker";
				PRODUCT_NAME = "$(TARGET_NAME)";
				SUPPORTED_PLATFORMS = "iphoneos iphonesimulator";
				SUPPORTS_MACCATALYST = NO;
				SUPPORTS_XR_DESIGNED_FOR_IPHONE_IPAD = NO;
				SWIFT_EMIT_LOC_STRINGS = YES;
				SWIFT_VERSION = 5.0;
				TARGETED_DEVICE_FAMILY = "1,2";
			};
			name = Debug;
		};
		CDF15D002C674EEB007DE747 /* Release */ = {
			isa = XCBuildConfiguration;
			buildSettings = {
				ASSETCATALOG_COMPILER_APPICON_NAME = AppIcon;
				ASSETCATALOG_COMPILER_GLOBAL_ACCENT_COLOR_NAME = AccentColor;
				CODE_SIGN_STYLE = Automatic;
				CURRENT_PROJECT_VERSION = 1;
				DEVELOPMENT_ASSET_PATHS = "\"smart_blinker/Preview Content\"";
				DEVELOPMENT_TEAM = N8RU5UJH68;
				ENABLE_PREVIEWS = YES;
				GENERATE_INFOPLIST_FILE = YES;
				INFOPLIST_KEY_UIApplicationSceneManifest_Generation = YES;
				INFOPLIST_KEY_UIApplicationSupportsIndirectInputEvents = YES;
				INFOPLIST_KEY_UILaunchScreen_Generation = YES;
				INFOPLIST_KEY_UISupportedInterfaceOrientations_iPad = "UIInterfaceOrientationPortraitUpsideDown UIInterfaceOrientationLandscapeLeft UIInterfaceOrientationLandscapeRight";
				INFOPLIST_KEY_UISupportedInterfaceOrientations_iPhone = "UIInterfaceOrientationPortrait UIInterfaceOrientationLandscapeLeft UIInterfaceOrientationLandscapeRight";
				IPHONEOS_DEPLOYMENT_TARGET = 16.0;
				LD_RUNPATH_SEARCH_PATHS = (
					"$(inherited)",
					"@executable_path/Frameworks",
				);
				MARKETING_VERSION = 1.0;
				PRODUCT_BUNDLE_IDENTIFIER = "com.dohyeon.smart-blinker";
				PRODUCT_NAME = "$(TARGET_NAME)";
				SUPPORTED_PLATFORMS = "iphoneos iphonesimulator";
				SUPPORTS_MACCATALYST = NO;
				SUPPORTS_XR_DESIGNED_FOR_IPHONE_IPAD = NO;
				SWIFT_EMIT_LOC_STRINGS = YES;
				SWIFT_VERSION = 5.0;
				TARGETED_DEVICE_FAMILY = "1,2";
			};
			name = Release;
		};
/* End XCBuildConfiguration section */

/* Begin XCConfigurationList section */
		CDF15CEB2C674EEA007DE747 /* Build configuration list for PBXProject "smart_blinker" */ = {
			isa = XCConfigurationList;
			buildConfigurations = (
				CDF15CFC2C674EEB007DE747 /* Debug */,
				CDF15CFD2C674EEB007DE747 /* Release */,
			);
			defaultConfigurationIsVisible = 0;
			defaultConfigurationName = Release;
		};
		CDF15CFE2C674EEB007DE747 /* Build configuration list for PBXNativeTarget "smart_blinker" */ = {
			isa = XCConfigurationList;
			buildConfigurations = (
				CDF15CFF2C674EEB007DE747 /* Debug */,
				CDF15D002C674EEB007DE747 /* Release */,
			);
			defaultConfigurationIsVisible = 0;
			defaultConfigurationName = Release;
		};
/* End XCConfigurationList section */

/* Begin XCRemoteSwiftPackageReference section */
		CDF15D262C679110007DE747 /* XCRemoteSwiftPackageReference "Alamofire" */ = {
			isa = XCRemoteSwiftPackageReference;
			repositoryURL = "https://github.com/Alamofire/Alamofire.git";
			requirement = {
				kind = upToNextMajorVersion;
				minimumVersion = 5.9.1;
			};
		};
/* End XCRemoteSwiftPackageReference section */

/* Begin XCSwiftPackageProductDependency section */
		CDF15D272C679110007DE747 /* Alamofire */ = {
			isa = XCSwiftPackageProductDependency;
			package = CDF15D262C679110007DE747 /* XCRemoteSwiftPackageReference "Alamofire" */;
			productName = Alamofire;
		};
/* End XCSwiftPackageProductDependency section */
	};
	rootObject = CDF15CE82C674EEA007DE747 /* Project object */;
}
